
Microsoft Visual Studio Solution File, Format Version 12.00
# Visual Studio Version 17
VisualStudioVersion = 17.2.32526.322
MinimumVisualStudioVersion = 10.0.40219.1
Project("{9A19103F-16F7-4668-BE54-9A1E7A4F7556}") = "FiguresTests", "FiguresTests\FiguresTests.csproj", "{3F99D736-452A-449B-A76D-C5BCB6932F99}"
EndProject
Project("{9A19103F-16F7-4668-BE54-9A1E7A4F7556}") = "Figures", "Figures\Figures.csproj", "{AA291E74-07C2-44A5-977C-B210360EFA76}"
EndProject
Global
	GlobalSection(SolutionConfigurationPlatforms) = preSolution
		Debug|Any CPU = Debug|Any CPU
		Release|Any CPU = Release|Any CPU
	EndGlobalSection
	GlobalSection(ProjectConfigurationPlatforms) = postSolution
		{3F99D736-452A-449B-A76D-C5BCB6932F99}.Debug|Any CPU.ActiveCfg = Debug|Any CPU
		{3F99D736-452A-449B-A76D-C5BCB6932F99}.Debug|Any CPU.Build.0 = Debug|Any CPU
		{3F99D736-452A-449B-A76D-C5BCB6932F99}.Release|Any CPU.ActiveCfg = Release|Any CPU
		{3F99D736-452A-449B-A76D-C5BCB6932F99}.Release|Any CPU.Build.0 = Release|Any CPU
		{AA291E74-07C2-44A5-977C-B210360EFA76}.Debug|Any CPU.ActiveCfg = Debug|Any CPU
		{AA291E74-07C2-44A5-977C-B210360EFA76}.Debug|Any CPU.Build.0 = Debug|Any CPU
		{AA291E74-07C2-44A5-977C-B210360EFA76}.Release|Any CPU.ActiveCfg = Release|Any CPU
		{AA291E74-07C2-44A5-977C-B210360EFA76}.Release|Any CPU.Build.0 = Release|Any CPU
	EndGlobalSection
	GlobalSection(SolutionProperties) = preSolution
		HideSolutionNode = FALSE
	EndGlobalSection
	GlobalSection(ExtensibilityGlobals) = postSolution
		SolutionGuid = {4B23726A-FD73-425D-B342-FD770600953D}
	EndGlobalSection
EndGlobal
